github.com/davecgh/go-spew v1.1.1 h1:vj9j/u1bqnvCEfJOwUhtlOARqs3+rkHYY13jYWTU97c=
github.com/payly-solucoes-de-pagamentos/golang-events v0.0.1 h1:Vvbas0vRX1HSoFB/cEJmOb/VCHQ0NG4VTbX36o1g/og=
github.com/payly-solucoes-de-pagamentos/golang-events v0.0.1/go.mod h1:xDVeirK1/oSD74Hrl6qscUC6iM0Mb+nymC9qbAUftas=
github.com/pmezard/go-difflib v1.0.0 h1:4DBwDE0NGyQoBHbLQYPwSUPoCMWR5BEzIk/f1lZbAQM=
github.com/stretchr/testify v1.7.1 h1:5TQK59W5E3v0r2duFAb7P95B6hEeOyEnHRa8MjYSMTY=
go.uber.org/dig v1.15.0 h1:vq3YWr8zRj1eFGC7Gvf907hE0eRjPTZ1d3xHadD6liE=
go.uber.org/dig v1.15.0/go.mod h1:pKHs0wMynzL6brANhB2hLMro+zalv1osARTviTcqHLM=
golang.org/x/exp v0.0.0-20221012211006-4de253d81b95 h1:sBdrWpxhGDdTAYNqbgBLAR+ULAPPhfgncLr1X0lyWtg=
golang.org/x/exp v0.0.0-20221012211006-4de253d81b95/go.mod h1:cyybsKvd6eL0RnXn6p/Grxp8F5bW7iYuBgsNCOHpMYE=
gopkg.in/yaml.v3 v3.0.1 h1:fxVm/GzAzEWqLHuvctI91KS9hhNmmWOoWu0XTYJS7CA=
